# This file is autogenerated, do not edit; changes may be undone by the next 'dep ensure'.


[[projects]]
  name = "github.com/cenkalti/backoff"
  packages = ["."]
  revision = "61153c768f31ee5f130071d08fc82b85208528de"
  version = "v1.1.0"

[[projects]]
  branch = "master"
  name = "github.com/dghubble/go-twitter"
  packages = ["twitter"]
  revision = "c4115fa44a928413e0b857e0eb47376ffde3a61a"

[[projects]]
  name = "github.com/dghubble/oauth1"
  packages = ["."]
  revision = "70562a5920ad9b6ff03ef697c0f90ae569abbd2b"
  version = "v0.4.0"

[[projects]]
  name = "github.com/dghubble/sling"
  packages = ["."]
  revision = "eb56e89ac5088bebb12eef3cb4b293300f43608b"
  version = "v1.1.0"

[[projects]]
  branch = "master"
  name = "github.com/google/go-querystring"
  packages = ["query"]
  revision = "53e6ce116135b80d037921a7fdd5138cf32d7a8a"

[[projects]]
  name = "github.com/inconshreveable/mousetrap"
  packages = ["."]
  revision = "76626ae9c91c4f2a10f34cad8ce83ea42c93bb75"
  version = "v1.0"

[[projects]]
  name = "github.com/spf13/cobra"
  packages = ["."]
  revision = "7b2c5ac9fc04fc5efafb60700713d4fa609b777b"
  version = "v0.0.1"

[[projects]]
  name = "github.com/spf13/pflag"
  packages = ["."]
  revision = "e57e3eeb33f795204c1ca35f56c44f83227c6e66"
  version = "v1.0.0"

[[projects]]
  branch = "master"
  name = "golang.org/x/net"
  packages = ["context"]
  revision = "a337091b0525af65de94df2eb7e98bd9962dcbe2"

[solve-meta]
  analyzer-name = "dep"
  analyzer-version = 1
  inputs-digest = "a2b5881d4169940d79b73dcc6266d76ccbe0803f1c5aeefccd0830e3216d3b93"
  solver-name = "gps-cdcl"
  solver-version = 1
